PODS:
  - Masonry (1.1.0)
  - MJRefresh (3.7.5)

DEPENDENCIES:
  - Masonry
  - MJRefresh

SPEC REPOS:
  trunk:
    - Masonry
    - MJRefresh

SPEC CHECKSUMS:
  Masonry: 678fab65091a9290e40e2832a55e7ab731aad201
  MJRefresh: fdf5e979eb406a0341468932d1dfc8b7f9fce961

PODFILE CHECKSUM: 5da56912d77e162b6c44240f95ee593cdfd29f34

COCOAPODS: 1.11.3
